
Microsoft Visual Studio Solution File, Format Version 12.00
# Visual Studio Version 16
VisualStudioVersion = 16.0.30204.135
MinimumVisualStudioVersion = 10.0.40219.1
Project("{FAE04EC0-301F-11D3-BF4B-00C04F79EFBC}") = "password.encryption", "password.encryption\password.encryption.csproj", "{A2EFDB1B-C364-4C49-B9D6-CB1166E0B2A0}"
EndProject
Project("{FAE04EC0-301F-11D3-BF4B-00C04F79EFBC}") = "password.encryption.tests", "password.encryption.tests\password.encryption.tests.csproj", "{2C67DCA0-20BC-40B0-9B71-FFC52B3B53E4}"
EndProject
Project("{FAE04EC0-301F-11D3-BF4B-00C04F79EFBC}") = "password.manager.winforms", "password.manager.winforms\password.manager.winforms.csproj", "{6B422566-5532-4032-AF93-B014F4E7B25E}"
EndProject
Project("{FAE04EC0-301F-11D3-BF4B-00C04F79EFBC}") = "password.service", "password.service\password.service.csproj", "{26BEFC83-6DF3-40C6-93DD-68BBD849361B}"
EndProject
Project("{FAE04EC0-301F-11D3-BF4B-00C04F79EFBC}") = "password.model", "password.model\password.model.csproj", "{A1574F3D-8CB9-4093-B650-B8BC7CB7F784}"
EndProject
Project("{FAE04EC0-301F-11D3-BF4B-00C04F79EFBC}") = "password.code.runner", "password.code.runner\password.code.runner.csproj", "{774AC834-9F2D-47BE-9330-8AF367DBCB1E}"
EndProject
Global
	GlobalSection(SolutionConfigurationPlatforms) = preSolution
		Debug|Any CPU = Debug|Any CPU
		Release|Any CPU = Release|Any CPU
	EndGlobalSection
	GlobalSection(ProjectConfigurationPlatforms) = postSolution
		{A2EFDB1B-C364-4C49-B9D6-CB1166E0B2A0}.Debug|Any CPU.ActiveCfg = Debug|Any CPU
		{A2EFDB1B-C364-4C49-B9D6-CB1166E0B2A0}.Debug|Any CPU.Build.0 = Debug|Any CPU
		{A2EFDB1B-C364-4C49-B9D6-CB1166E0B2A0}.Release|Any CPU.ActiveCfg = Release|Any CPU
		{A2EFDB1B-C364-4C49-B9D6-CB1166E0B2A0}.Release|Any CPU.Build.0 = Release|Any CPU
		{2C67DCA0-20BC-40B0-9B71-FFC52B3B53E4}.Debug|Any CPU.ActiveCfg = Debug|Any CPU
		{2C67DCA0-20BC-40B0-9B71-FFC52B3B53E4}.Debug|Any CPU.Build.0 = Debug|Any CPU
		{2C67DCA0-20BC-40B0-9B71-FFC52B3B53E4}.Release|Any CPU.ActiveCfg = Release|Any CPU
		{2C67DCA0-20BC-40B0-9B71-FFC52B3B53E4}.Release|Any CPU.Build.0 = Release|Any CPU
		{6B422566-5532-4032-AF93-B014F4E7B25E}.Debug|Any CPU.ActiveCfg = Debug|Any CPU
		{6B422566-5532-4032-AF93-B014F4E7B25E}.Debug|Any CPU.Build.0 = Debug|Any CPU
		{6B422566-5532-4032-AF93-B014F4E7B25E}.Release|Any CPU.ActiveCfg = Release|Any CPU
		{6B422566-5532-4032-AF93-B014F4E7B25E}.Release|Any CPU.Build.0 = Release|Any CPU
		{26BEFC83-6DF3-40C6-93DD-68BBD849361B}.Debug|Any CPU.ActiveCfg = Debug|Any CPU
		{26BEFC83-6DF3-40C6-93DD-68BBD849361B}.Debug|Any CPU.Build.0 = Debug|Any CPU
		{26BEFC83-6DF3-40C6-93DD-68BBD849361B}.Release|Any CPU.ActiveCfg = Release|Any CPU
		{26BEFC83-6DF3-40C6-93DD-68BBD849361B}.Release|Any CPU.Build.0 = Release|Any CPU
		{A1574F3D-8CB9-4093-B650-B8BC7CB7F784}.Debug|Any CPU.ActiveCfg = Debug|Any CPU
		{A1574F3D-8CB9-4093-B650-B8BC7CB7F784}.Debug|Any CPU.Build.0 = Debug|Any CPU
		{A1574F3D-8CB9-4093-B650-B8BC7CB7F784}.Release|Any CPU.ActiveCfg = Release|Any CPU
		{A1574F3D-8CB9-4093-B650-B8BC7CB7F784}.Release|Any CPU.Build.0 = Release|Any CPU
		{774AC834-9F2D-47BE-9330-8AF367DBCB1E}.Debug|Any CPU.ActiveCfg = Debug|Any CPU
		{774AC834-9F2D-47BE-9330-8AF367DBCB1E}.Debug|Any CPU.Build.0 = Debug|Any CPU
		{774AC834-9F2D-47BE-9330-8AF367DBCB1E}.Release|Any CPU.ActiveCfg = Release|Any CPU
		{774AC834-9F2D-47BE-9330-8AF367DBCB1E}.Release|Any CPU.Build.0 = Release|Any CPU
	EndGlobalSection
	GlobalSection(SolutionProperties) = preSolution
		HideSolutionNode = FALSE
	EndGlobalSection
	GlobalSection(ExtensibilityGlobals) = postSolution
		SolutionGuid = {80D33878-810A-4844-B9BD-626948665D10}
	EndGlobalSection
EndGlobal
