
Microsoft Visual Studio Solution File, Format Version 12.00
# Visual Studio Version 16
VisualStudioVersion = 16.0.30204.135
MinimumVisualStudioVersion = 10.0.40219.1
Project("{FAE04EC0-301F-11D3-BF4B-00C04F79EFBC}") = "password.encryption", "password.encryption\password.encryption.csproj", "{A2EFDB1B-C364-4C49-B9D6-CB1166E0B2A0}"
EndProject
Project("{FAE04EC0-301F-11D3-BF4B-00C04F79EFBC}") = "password.encryption.tests", "password.encryption.tests\password.encryption.tests.csproj", "{2C67DCA0-20BC-40B0-9B71-FFC52B3B53E4}"
EndProject
Project("{FAE04EC0-301F-11D3-BF4B-00C04F79EFBC}") = "password.manager.winforms", "password.manager.winforms\password.manager.winforms.csproj", "{6B422566-5532-4032-AF93-B014F4E7B25E}"
EndProject
Project("{FAE04EC0-301F-11D3-BF4B-00C04F79EFBC}") = "password.service", "password.service\password.service.csproj", "{26BEFC83-6DF3-40C6-93DD-68BBD849361B}"
EndProject
Project("{FAE04EC0-301F-11D3-BF4B-00C04F79EFBC}") = "password.model", "password.model\password.model.csproj", "{A1574F3D-8CB9-4093-B650-B8BC7CB7F784}"
EndProject
Project("{FAE04EC0-301F-11D3-BF4B-00C04F79EFBC}") = "password.resalter", "password.resalter\password.resalter.csproj", "{595FD994-3F92-4361-A37B-11D09DEEF352}"
EndProject
Project("{FAE04EC0-301F-11D3-BF4B-00C04F79EFBC}") = "password.settings", "password.settings\password.settings.csproj", "{66809282-247B-4647-8313-011D2BE44895}"
EndProject
Project("{2150E333-8FDC-42A3-9474-1A3956D46DE8}") = "bootstrapper", "bootstrapper", "{9E84BB39-6FE0-4CAE-B05C-3B7C0088ECB6}"
EndProject
Project("{FAE04EC0-301F-11D3-BF4B-00C04F79EFBC}") = "password.xml.bootstrapper", "password.xml.bootstrapper\password.xml.bootstrapper.csproj", "{DE616DEA-343A-4131-AB30-E457F8FC24D7}"
EndProject
Project("{FAE04EC0-301F-11D3-BF4B-00C04F79EFBC}") = "password.entityframework.bootstrapper", "password.entityframework.bootstrapper\password.entityframework.bootstrapper.csproj", "{29AB3AEC-4D88-4FEF-BABB-33C061F793EC}"
EndProject
Project("{FAE04EC0-301F-11D3-BF4B-00C04F79EFBC}") = "password.mvc", "password.mvc\password.mvc.csproj", "{355F1A85-7682-48AE-9C3B-1F7A66CFB3A2}"
EndProject
Project("{FAE04EC0-301F-11D3-BF4B-00C04F79EFBC}") = "password.uibroker", "password.uibroker\password.uibroker.csproj", "{4C87B1B4-53DC-4B13-97E8-4CCD8ECF54F2}"
EndProject
Global
	GlobalSection(SolutionConfigurationPlatforms) = preSolution
		Debug|Any CPU = Debug|Any CPU
		Release|Any CPU = Release|Any CPU
	EndGlobalSection
	GlobalSection(ProjectConfigurationPlatforms) = postSolution
		{A2EFDB1B-C364-4C49-B9D6-CB1166E0B2A0}.Debug|Any CPU.ActiveCfg = Debug|Any CPU
		{A2EFDB1B-C364-4C49-B9D6-CB1166E0B2A0}.Debug|Any CPU.Build.0 = Debug|Any CPU
		{A2EFDB1B-C364-4C49-B9D6-CB1166E0B2A0}.Release|Any CPU.ActiveCfg = Release|Any CPU
		{A2EFDB1B-C364-4C49-B9D6-CB1166E0B2A0}.Release|Any CPU.Build.0 = Release|Any CPU
		{2C67DCA0-20BC-40B0-9B71-FFC52B3B53E4}.Debug|Any CPU.ActiveCfg = Debug|Any CPU
		{2C67DCA0-20BC-40B0-9B71-FFC52B3B53E4}.Debug|Any CPU.Build.0 = Debug|Any CPU
		{2C67DCA0-20BC-40B0-9B71-FFC52B3B53E4}.Release|Any CPU.ActiveCfg = Release|Any CPU
		{2C67DCA0-20BC-40B0-9B71-FFC52B3B53E4}.Release|Any CPU.Build.0 = Release|Any CPU
		{6B422566-5532-4032-AF93-B014F4E7B25E}.Debug|Any CPU.ActiveCfg = Debug|Any CPU
		{6B422566-5532-4032-AF93-B014F4E7B25E}.Debug|Any CPU.Build.0 = Debug|Any CPU
		{6B422566-5532-4032-AF93-B014F4E7B25E}.Release|Any CPU.ActiveCfg = Release|Any CPU
		{6B422566-5532-4032-AF93-B014F4E7B25E}.Release|Any CPU.Build.0 = Release|Any CPU
		{26BEFC83-6DF3-40C6-93DD-68BBD849361B}.Debug|Any CPU.ActiveCfg = Debug|Any CPU
		{26BEFC83-6DF3-40C6-93DD-68BBD849361B}.Debug|Any CPU.Build.0 = Debug|Any CPU
		{26BEFC83-6DF3-40C6-93DD-68BBD849361B}.Release|Any CPU.ActiveCfg = Release|Any CPU
		{26BEFC83-6DF3-40C6-93DD-68BBD849361B}.Release|Any CPU.Build.0 = Release|Any CPU
		{A1574F3D-8CB9-4093-B650-B8BC7CB7F784}.Debug|Any CPU.ActiveCfg = Debug|Any CPU
		{A1574F3D-8CB9-4093-B650-B8BC7CB7F784}.Debug|Any CPU.Build.0 = Debug|Any CPU
		{A1574F3D-8CB9-4093-B650-B8BC7CB7F784}.Release|Any CPU.ActiveCfg = Release|Any CPU
		{A1574F3D-8CB9-4093-B650-B8BC7CB7F784}.Release|Any CPU.Build.0 = Release|Any CPU
		{595FD994-3F92-4361-A37B-11D09DEEF352}.Debug|Any CPU.ActiveCfg = Debug|Any CPU
		{595FD994-3F92-4361-A37B-11D09DEEF352}.Debug|Any CPU.Build.0 = Debug|Any CPU
		{595FD994-3F92-4361-A37B-11D09DEEF352}.Release|Any CPU.ActiveCfg = Release|Any CPU
		{595FD994-3F92-4361-A37B-11D09DEEF352}.Release|Any CPU.Build.0 = Release|Any CPU
		{66809282-247B-4647-8313-011D2BE44895}.Debug|Any CPU.ActiveCfg = Debug|Any CPU
		{66809282-247B-4647-8313-011D2BE44895}.Debug|Any CPU.Build.0 = Debug|Any CPU
		{66809282-247B-4647-8313-011D2BE44895}.Release|Any CPU.ActiveCfg = Release|Any CPU
		{66809282-247B-4647-8313-011D2BE44895}.Release|Any CPU.Build.0 = Release|Any CPU
		{DE616DEA-343A-4131-AB30-E457F8FC24D7}.Debug|Any CPU.ActiveCfg = Debug|Any CPU
		{DE616DEA-343A-4131-AB30-E457F8FC24D7}.Debug|Any CPU.Build.0 = Debug|Any CPU
		{DE616DEA-343A-4131-AB30-E457F8FC24D7}.Release|Any CPU.ActiveCfg = Release|Any CPU
		{DE616DEA-343A-4131-AB30-E457F8FC24D7}.Release|Any CPU.Build.0 = Release|Any CPU
		{29AB3AEC-4D88-4FEF-BABB-33C061F793EC}.Debug|Any CPU.ActiveCfg = Debug|Any CPU
		{29AB3AEC-4D88-4FEF-BABB-33C061F793EC}.Debug|Any CPU.Build.0 = Debug|Any CPU
		{29AB3AEC-4D88-4FEF-BABB-33C061F793EC}.Release|Any CPU.ActiveCfg = Release|Any CPU
		{29AB3AEC-4D88-4FEF-BABB-33C061F793EC}.Release|Any CPU.Build.0 = Release|Any CPU
		{355F1A85-7682-48AE-9C3B-1F7A66CFB3A2}.Debug|Any CPU.ActiveCfg = Debug|Any CPU
		{355F1A85-7682-48AE-9C3B-1F7A66CFB3A2}.Debug|Any CPU.Build.0 = Debug|Any CPU
		{355F1A85-7682-48AE-9C3B-1F7A66CFB3A2}.Release|Any CPU.ActiveCfg = Release|Any CPU
		{355F1A85-7682-48AE-9C3B-1F7A66CFB3A2}.Release|Any CPU.Build.0 = Release|Any CPU
		{4C87B1B4-53DC-4B13-97E8-4CCD8ECF54F2}.Debug|Any CPU.ActiveCfg = Debug|Any CPU
		{4C87B1B4-53DC-4B13-97E8-4CCD8ECF54F2}.Debug|Any CPU.Build.0 = Debug|Any CPU
		{4C87B1B4-53DC-4B13-97E8-4CCD8ECF54F2}.Release|Any CPU.ActiveCfg = Release|Any CPU
		{4C87B1B4-53DC-4B13-97E8-4CCD8ECF54F2}.Release|Any CPU.Build.0 = Release|Any CPU
	EndGlobalSection
	GlobalSection(SolutionProperties) = preSolution
		HideSolutionNode = FALSE
	EndGlobalSection
	GlobalSection(NestedProjects) = preSolution
		{DE616DEA-343A-4131-AB30-E457F8FC24D7} = {9E84BB39-6FE0-4CAE-B05C-3B7C0088ECB6}
		{29AB3AEC-4D88-4FEF-BABB-33C061F793EC} = {9E84BB39-6FE0-4CAE-B05C-3B7C0088ECB6}
	EndGlobalSection
	GlobalSection(ExtensibilityGlobals) = postSolution
		SolutionGuid = {80D33878-810A-4844-B9BD-626948665D10}
	EndGlobalSection
EndGlobal
